
Microsoft Visual Studio Solution File, Format Version 12.00
# Visual Studio Version 16
VisualStudioVersion = 16.0.29709.97
MinimumVisualStudioVersion = 10.0.40219.1
Project("{FAE04EC0-301F-11D3-BF4B-00C04F79EFBC}") = "PluralsightManager.Console", "PluralsightManager.Console\PluralsightManager.Console.csproj", "{3A98CE11-E241-44D9-832F-2675046E0B1B}"
EndProject
Project("{FAE04EC0-301F-11D3-BF4B-00C04F79EFBC}") = "PluralsightManager.Repositories", "PluralsightManager.Repositories\PluralsightManager.Repositories.csproj", "{769DA51E-27BF-4F07-B1DF-F5527D4AA8E2}"
EndProject
Global
	GlobalSection(SolutionConfigurationPlatforms) = preSolution
		Debug|Any CPU = Debug|Any CPU
		Release|Any CPU = Release|Any CPU
	EndGlobalSection
	GlobalSection(ProjectConfigurationPlatforms) = postSolution
		{3A98CE11-E241-44D9-832F-2675046E0B1B}.Debug|Any CPU.ActiveCfg = Debug|Any CPU
		{3A98CE11-E241-44D9-832F-2675046E0B1B}.Debug|Any CPU.Build.0 = Debug|Any CPU
		{3A98CE11-E241-44D9-832F-2675046E0B1B}.Release|Any CPU.ActiveCfg = Release|Any CPU
		{3A98CE11-E241-44D9-832F-2675046E0B1B}.Release|Any CPU.Build.0 = Release|Any CPU
		{769DA51E-27BF-4F07-B1DF-F5527D4AA8E2}.Debug|Any CPU.ActiveCfg = Debug|Any CPU
		{769DA51E-27BF-4F07-B1DF-F5527D4AA8E2}.Debug|Any CPU.Build.0 = Debug|Any CPU
		{769DA51E-27BF-4F07-B1DF-F5527D4AA8E2}.Release|Any CPU.ActiveCfg = Release|Any CPU
		{769DA51E-27BF-4F07-B1DF-F5527D4AA8E2}.Release|Any CPU.Build.0 = Release|Any CPU
	EndGlobalSection
	GlobalSection(SolutionProperties) = preSolution
		HideSolutionNode = FALSE
	EndGlobalSection
	GlobalSection(ExtensibilityGlobals) = postSolution
		SolutionGuid = {E1436AF0-D462-453B-BF46-6D87FB8686C7}
	EndGlobalSection
EndGlobal
